github.com/cpuguy83/go-md2man/v2 v2.0.4/go.mod h1:tgQtvFlXSQOSOSIRvRPT7W67SCa46tRHOmNcaadrF8o=
github.com/google/uuid v1.6.0 h1:NIvaJDMOsjHA8n1jAhLSgzrAzy1Hgr+hNrb57e+94F0=
github.com/google/uuid v1.6.0/go.mod h1:TIyPZe4MgqvfeYDBFedMoGGpEw/LqOeaOT+nhxU+yHo=
github.com/inconshreveable/mousetrap v1.1.0 h1:wN+x4NVGpMsO7ErUn/mUI3vEoE6Jt13X2s0bqwp9tc8=
github.com/inconshreveable/mousetrap v1.1.0/go.mod h1:vpF70FUmC8bwa3OWnCshd2FqLfsEA9PFc4w1p2J65bw=
github.com/russross/blackfriday/v2 v2.1.0/go.mod h1:+Rmxgy9KzJVeS9/2gXHxylqXiyQDYRxCVz55jmeOWTM=
github.com/sam-caldwell/ansi/v2 v2.0.2 h1:9zKrvTiMtxr8+XtHF0DiEvOnbRd0ZKDdigt6WRuFlyU=
github.com/sam-caldwell/ansi/v2 v2.0.2/go.mod h1:zckNzPz/RjwKwwXfguh5YULhYUkPtz/81imRpm/30+s=
github.com/sam-caldwell/errors/v2 v2.0.2 h1:Pi7QD6dIJmixJW3KFJh46Ph7T1paZeGL1b2hPNNJuRQ=
github.com/sam-caldwell/errors/v2 v2.0.2/go.mod h1:xQkCEw9OjDTmbSiFdrNy1f4+z1YfU84pvARPvTlggaE=
github.com/sam-caldwell/exit/v2 v2.0.1 h1:0VxFud2U0a1YdCmXHR0AKLjfpFipTuoLQZvrpRQ9D1M=
github.com/sam-caldwell/exit/v2 v2.0.1/go.mod h1:94z/mUuJHBkAB9UuQfJi1pvsukxMxd3RAAtIlHdN66I=
github.com/sam-caldwell/extensions v1.0.2 h1:l+fSXPX3ORWoc08ipfNNOXxZvwGxd2b2liv6xlujqss=
github.com/sam-caldwell/extensions v1.0.2/go.mod h1:v6w3ViJtk7nYHUdLyeYKqmm2wbWkg8KgXwzGHrV2t9A=
github.com/sam-caldwell/monorepo v0.0.6 h1:F7FNsYE1Y+3CDqD3kNwgOFq1w3GNOox608Rk6ZJiF/U=
github.com/sam-caldwell/monorepo v0.0.6/go.mod h1:r877+HBoAe8laZHImh49Me5W63mZFPNjpMaySBr8uLk=
github.com/sam-caldwell/size v1.0.0 h1:bvlFRTmbFrgMdR2EoGkoTArRkRhMTRNy3lkW+AJPboc=
github.com/sam-caldwell/size v1.0.0/go.mod h1:VHVlI7VqD9frW3Nqv2kcnLg+pRBp+VRYa4JZyL0veXQ=
github.com/spf13/cobra v1.8.1 h1:e5/vxKd/rZsfSJMUX1agtjeTDf+qv1/JdBF8gg5k9ZM=
github.com/spf13/cobra v1.8.1/go.mod h1:wHxEcudfqmLYa8iTfL+OuZPbBZkmvliBWKIezN3kD9Y=
github.com/spf13/pflag v1.0.5 h1:iy+VFUOCP1a+8yFto/drg2CJ5u0yRoB7fZw3DKv/JXA=
github.com/spf13/pflag v1.0.5/go.mod h1:McXfInJRrz4CZXVZOBLb0bTZqETkiAhM9Iw0y3An2Bg=
gopkg.in/check.v1 v0.0.0-20161208181325-20d25e280405 h1:yhCVgyC4o1eVCa2tZl7eS0r+SDo693bJlVdllGtEeKM=
gopkg.in/check.v1 v0.0.0-20161208181325-20d25e280405/go.mod h1:Co6ibVJAznAaIkqp8huTwlJQCZ016jof/cbN4VW5Yz0=
gopkg.in/yaml.v3 v3.0.1 h1:fxVm/GzAzEWqLHuvctI91KS9hhNmmWOoWu0XTYJS7CA=
gopkg.in/yaml.v3 v3.0.1/go.mod h1:K4uyk7z7BCEPqu6E+C64Yfv1cQ7kz7rIZviUmN+EgEM=
